
Microsoft Visual Studio Solution File, Format Version 12.00
# Visual Studio Version 16
VisualStudioVersion = 16.0.29613.14
MinimumVisualStudioVersion = 10.0.40219.1
Project("{FAE04EC0-301F-11D3-BF4B-00C04F79EFBC}") = "naudio_udp_server", "naudio_test\naudio_udp_server.csproj", "{D2667993-ACB5-4B6D-9538-D150A25EA8D8}"
EndProject
Global
	GlobalSection(SolutionConfigurationPlatforms) = preSolution
		Debug|Any CPU = Debug|Any CPU
		Release|Any CPU = Release|Any CPU
	EndGlobalSection
	GlobalSection(ProjectConfigurationPlatforms) = postSolution
		{D2667993-ACB5-4B6D-9538-D150A25EA8D8}.Debug|Any CPU.ActiveCfg = Debug|Any CPU
		{D2667993-ACB5-4B6D-9538-D150A25EA8D8}.Debug|Any CPU.Build.0 = Debug|Any CPU
		{D2667993-ACB5-4B6D-9538-D150A25EA8D8}.Release|Any CPU.ActiveCfg = Release|Any CPU
		{D2667993-ACB5-4B6D-9538-D150A25EA8D8}.Release|Any CPU.Build.0 = Release|Any CPU
	EndGlobalSection
	GlobalSection(SolutionProperties) = preSolution
		HideSolutionNode = FALSE
	EndGlobalSection
	GlobalSection(ExtensibilityGlobals) = postSolution
		SolutionGuid = {1AD79F29-A9B8-4BC9-9E66-B1245FA9A695}
	EndGlobalSection
EndGlobal
